Microsoft Visual Studio Solution File, Format Version 11.00
# Visual Studio 2008

Project("{4EBC30D7-E0B8-B924-F23B-D916325A2ABC}") = "02_Fractal", "Assembly-CSharp.csproj", "{427C9D53-B13E-3FA3-4497-97A17584D199}"
EndProject
Global
	GlobalSection(SolutionConfigurationPlatforms) = preSolution
		Debug|Any CPU = Debug|Any CPU
		Release|Any CPU = Release|Any CPU
	EndGlobalSection
	GlobalSection(ProjectConfigurationPlatforms) = postSolution
		{427C9D53-B13E-3FA3-4497-97A17584D199}.Debug|Any CPU.ActiveCfg = Debug|Any CPU
		{427C9D53-B13E-3FA3-4497-97A17584D199}.Debug|Any CPU.Build.0 = Debug|Any CPU
		{427C9D53-B13E-3FA3-4497-97A17584D199}.Release|Any CPU.ActiveCfg = Release|Any CPU
		{427C9D53-B13E-3FA3-4497-97A17584D199}.Release|Any CPU.Build.0 = Release|Any CPU
	EndGlobalSection
	GlobalSection(SolutionProperties) = preSolution
		HideSolutionNode = FALSE
	EndGlobalSection
	GlobalSection(MonoDevelopProperties) = preSolution
		StartupItem = Assembly-CSharp.csproj
	EndGlobalSection
EndGlobal
